
Microsoft Visual Studio Solution File, Format Version 12.00
# Visual Studio Version 16
VisualStudioVersion = 16.0.29728.190
MinimumVisualStudioVersion = 10.0.40219.1
Project("{FAE04EC0-301F-11D3-BF4B-00C04F79EFBC}") = "lotwtool", "lotwtool.csproj", "{77101E5F-ABD8-479E-BBF1-06D89975D5E0}"
EndProject
Global
	GlobalSection(SolutionConfigurationPlatforms) = preSolution
		Debug|Any CPU = Debug|Any CPU
		Release|Any CPU = Release|Any CPU
	EndGlobalSection
	GlobalSection(ProjectConfigurationPlatforms) = postSolution
		{77101E5F-ABD8-479E-BBF1-06D89975D5E0}.Debug|Any CPU.ActiveCfg = Debug|Any CPU
		{77101E5F-ABD8-479E-BBF1-06D89975D5E0}.Debug|Any CPU.Build.0 = Debug|Any CPU
		{77101E5F-ABD8-479E-BBF1-06D89975D5E0}.Release|Any CPU.ActiveCfg = Release|Any CPU
		{77101E5F-ABD8-479E-BBF1-06D89975D5E0}.Release|Any CPU.Build.0 = Release|Any CPU
	EndGlobalSection
	GlobalSection(SolutionProperties) = preSolution
		HideSolutionNode = FALSE
	EndGlobalSection
	GlobalSection(ExtensibilityGlobals) = postSolution
		SolutionGuid = {8B891CD2-3992-4609-9CF4-AA0D4A62BF31}
	EndGlobalSection
EndGlobal
